// !$*UTF8*$!
{
	archiveVersion = 1;
	classes = {
	};
	objectVersion = 56;
	objects = {

/* Begin PBXBuildFile section */
		AECABC19293E56A9007BD650 /* AppDelegate.swift in Sources */ = {isa = PBXBuildFile; fileRef = AECABC18293E56A9007BD650 /* AppDelegate.swift */; };
		AECABC1B293E56A9007BD650 /* SceneDelegate.swift in Sources */ = {isa = PBXBuildFile; fileRef = AECABC1A293E56A9007BD650 /* SceneDelegate.swift */; };
		AECABC1D293E56A9007BD650 /* ViewController.swift in Sources */ = {isa = PBXBuildFile; fileRef = AECABC1C293E56A9007BD650 /* ViewController.swift */; };
		AECABC20293E56A9007BD650 /* Main.storyboard in Resources */ = {isa = PBXBuildFile; fileRef = AECABC1E293E56A9007BD650 /* Main.storyboard */; };
		AECABC22293E56AA007BD650 /* Assets.xcassets in Resources */ = {isa = PBXBuildFile; fileRef = AECABC21293E56AA007BD650 /* Assets.xcassets */; };
		AECABC25293E56AA007BD650 /* LaunchScreen.storyboard in Resources */ = {isa = PBXBuildFile; fileRef = AECABC23293E56AA007BD650 /* LaunchScreen.storyboard */; };
		AECABC30293E56AB007BD650 /* SaltMiniProjectTests.swift in Sources */ = {isa = PBXBuildFile; fileRef = AECABC2F293E56AB007BD650 /* SaltMiniProjectTests.swift */; };
		AECABC3A293E56AB007BD650 /* SaltMiniProjectUITests.swift in Sources */ = {isa = PBXBuildFile; fileRef = AECABC39293E56AB007BD650 /* SaltMiniProjectUITests.swift */; };
		AECABC3C293E56AB007BD650 /* SaltMiniProjectUITestsLaunchTests.swift in Sources */ = {isa = PBXBuildFile; fileRef = AECABC3B293E56AB007BD650 /* SaltMiniProjectUITestsLaunchTests.swift */; };
/* End PBXBuildFile section */

/* Begin PBXContainerItemProxy section */
		AECABC2C293E56AA007BD650 /* PBXContainerItemProxy */ = {
			isa = PBXContainerItemProxy;
			containerPortal = AECABC0D293E56A9007BD650 /* Project object */;
			proxyType = 1;
			remoteGlobalIDString = AECABC14293E56A9007BD650;
			remoteInfo = SaltMiniProject;
		};
		AECABC36293E56AB007BD650 /* PBXContainerItemProxy */ = {
			isa = PBXContainerItemProxy;
			containerPortal = AECABC0D293E56A9007BD650 /* Project object */;
			proxyType = 1;
			remoteGlobalIDString = AECABC14293E56A9007BD650;
			remoteInfo = SaltMiniProject;
		};
/* End PBXContainerItemProxy section */

/* Begin PBXFileReference section */
		AECABC15293E56A9007BD650 /* SaltMiniProject.app */ = {isa = PBXFileReference; explicitFileType = wrapper.application; includeInIndex = 0; path = SaltMiniProject.app; sourceTree = BUILT_PRODUCTS_DIR; };
		AECABC18293E56A9007BD650 /* AppDelegate.swift */ = {isa = PBXFileReference; lastKnownFileType = sourcecode.swift; path = AppDelegate.swift; sourceTree = "<group>"; };
		AECABC1A293E56A9007BD650 /* SceneDelegate.swift */ = {isa = PBXFileReference; lastKnownFileType = sourcecode.swift; path = SceneDelegate.swift; sourceTree = "<group>"; };
		AECABC1C293E56A9007BD650 /* ViewController.swift */ = {isa = PBXFileReference; lastKnownFileType = sourcecode.swift; path = ViewController.swift; sourceTree = "<group>"; };
		AECABC1F293E56A9007BD650 /* Base */ = {isa = PBXFileReference; lastKnownFileType = file.storyboard; name = Base; path = Base.lproj/Main.storyboard; sourceTree = "<group>"; };
		AECABC21293E56AA007BD650 /* Assets.xcassets */ = {isa = PBXFileReference; lastKnownFileType = folder.assetcatalog; path = Assets.xcassets; sourceTree = "<group>"; };
		AECABC24293E56AA007BD650 /* Base */ = {isa = PBXFileReference; lastKnownFileType = file.storyboard; name = Base; path = Base.lproj/LaunchScreen.storyboard; sourceTree = "<group>"; };
		AECABC26293E56AA007BD650 /* Info.plist */ = {isa = PBXFileReference; lastKnownFileType = text.plist.xml; path = Info.plist; sourceTree = "<group>"; };
		AECABC2B293E56AA007BD650 /* SaltMiniProjectTests.xctest */ = {isa = PBXFileReference; explicitFileType = wrapper.cfbundle; includeInIndex = 0; path = SaltMiniProjectTests.xctest; sourceTree = BUILT_PRODUCTS_DIR; };
		AECABC2F293E56AB007BD650 /* SaltMiniProjectTests.swift */ = {isa = PBXFileReference; lastKnownFileType = sourcecode.swift; path = SaltMiniProjectTests.swift; sourceTree = "<group>"; };
		AECABC35293E56AB007BD650 /* SaltMiniProjectUITests.xctest */ = {isa = PBXFileReference; explicitFileType = wrapper.cfbundle; includeInIndex = 0; path = SaltMiniProjectUITests.xctest; sourceTree = BUILT_PRODUCTS_DIR; };
		AECABC39293E56AB007BD650 /* SaltMiniProjectUITests.swift */ = {isa = PBXFileReference; lastKnownFileType = sourcecode.swift; path = SaltMiniProjectUITests.swift; sourceTree = "<group>"; };
		AECABC3B293E56AB007BD650 /* SaltMiniProjectUITestsLaunchTests.swift */ = {isa = PBXFileReference; lastKnownFileType = sourcecode.swift; path = SaltMiniProjectUITestsLaunchTests.swift; sourceTree = "<group>"; };
/* End PBXFileReference section */

/* Begin PBXFrameworksBuildPhase section */
		AECABC12293E56A9007BD650 /* Frameworks */ = {
			isa = PBXFrameworksBuildPhase;
			buildActionMask = 2147483647;
			files = (
			);
			runOnlyForDeploymentPostprocessing = 0;
		};
		AECABC28293E56AA007BD650 /* Frameworks */ = {
			isa = PBXFrameworksBuildPhase;
			buildActionMask = 2147483647;
			files = (
			);
			runOnlyForDeploymentPostprocessing = 0;
		};
		AECABC32293E56AB007BD650 /* Frameworks */ = {
			isa = PBXFrameworksBuildPhase;
			buildActionMask = 2147483647;
			files = (
			);
			runOnlyForDeploymentPostprocessing = 0;
		};
/* End PBXFrameworksBuildPhase section */

/* Begin PBXGroup section */
		AECABC0C293E56A9007BD650 = {
			isa = PBXGroup;
			children = (
				AECABC17293E56A9007BD650 /* SaltMiniProject */,
				AECABC2E293E56AB007BD650 /* SaltMiniProjectTests */,
				AECABC38293E56AB007BD650 /* SaltMiniProjectUITests */,
				AECABC16293E56A9007BD650 /* Products */,
			);
			sourceTree = "<group>";
		};
		AECABC16293E56A9007BD650 /* Products */ = {
			isa = PBXGroup;
			children = (
				AECABC15293E56A9007BD650 /* SaltMiniProject.app */,
				AECABC2B293E56AA007BD650 /* SaltMiniProjectTests.xctest */,
				AECABC35293E56AB007BD650 /* SaltMiniProjectUITests.xctest */,
			);
			name = Products;
			sourceTree = "<group>";
		};
		AECABC17293E56A9007BD650 /* SaltMiniProject */ = {
			isa = PBXGroup;
			children = (
				AECABC18293E56A9007BD650 /* AppDelegate.swift */,
				AECABC1A293E56A9007BD650 /* SceneDelegate.swift */,
				AECABC1C293E56A9007BD650 /* ViewController.swift */,
				AECABC1E293E56A9007BD650 /* Main.storyboard */,
				AECABC21293E56AA007BD650 /* Assets.xcassets */,
				AECABC23293E56AA007BD650 /* LaunchScreen.storyboard */,
				AECABC26293E56AA007BD650 /* Info.plist */,
			);
			path = SaltMiniProject;
			sourceTree = "<group>";
		};
		AECABC2E293E56AB007BD650 /* SaltMiniProjectTests */ = {
			isa = PBXGroup;
			children = (
				AECABC2F293E56AB007BD650 /* SaltMiniProjectTests.swift */,
			);
			path = SaltMiniProjectTests;
			sourceTree = "<group>";
		};
		AECABC38293E56AB007BD650 /* SaltMiniProjectUITests */ = {
			isa = PBXGroup;
			children = (
				AECABC39293E56AB007BD650 /* SaltMiniProjectUITests.swift */,
				AECABC3B293E56AB007BD650 /* SaltMiniProjectUITestsLaunchTests.swift */,
			);
			path = SaltMiniProjectUITests;
			sourceTree = "<group>";
		};
/* End PBXGroup section */

/* Begin PBXNativeTarget section */
		AECABC14293E56A9007BD650 /* SaltMiniProject */ = {
			isa = PBXNativeTarget;
			buildConfigurationList = AECABC3F293E56AB007BD650 /* Build configuration list for PBXNativeTarget "SaltMiniProject" */;
			buildPhases = (
				AECABC11293E56A9007BD650 /* Sources */,
				AECABC12293E56A9007BD650 /* Frameworks */,
				AECABC13293E56A9007BD650 /* Resources */,
			);
			buildRules = (
			);
			dependencies = (
			);
			name = SaltMiniProject;
			productName = SaltMiniProject;
			productReference = AECABC15293E56A9007BD650 /* SaltMiniProject.app */;
			productType = "com.apple.product-type.application";
		};
		AECABC2A293E56AA007BD650 /* SaltMiniProjectTests */ = {
			isa = PBXNativeTarget;
			buildConfigurationList = AECABC42293E56AB007BD650 /* Build configuration list for PBXNativeTarget "SaltMiniProjectTests" */;
			buildPhases = (
				AECABC27293E56AA007BD650 /* Sources */,
				AECABC28293E56AA007BD650 /* Frameworks */,
				AECABC29293E56AA007BD650 /* Resources */,
			);
			buildRules = (
			);
			dependencies = (
				AECABC2D293E56AA007BD650 /* PBXTargetDependency */,
			);
			name = SaltMiniProjectTests;
			productName = SaltMiniProjectTests;
			productReference = AECABC2B293E56AA007BD650 /* SaltMiniProjectTests.xctest */;
			productType = "com.apple.product-type.bundle.unit-test";
		};
		AECABC34293E56AB007BD650 /* SaltMiniProjectUITests */ = {
			isa = PBXNativeTarget;
			buildConfigurationList = AECABC45293E56AB007BD650 /* Build configuration list for PBXNativeTarget "SaltMiniProjectUITests" */;
			buildPhases = (
				AECABC31293E56AB007BD650 /* Sources */,
				AECABC32293E56AB007BD650 /* Frameworks */,
				AECABC33293E56AB007BD650 /* Resources */,
			);
			buildRules = (
			);
			dependencies = (
				AECABC37293E56AB007BD650 /* PBXTargetDependency */,
			);
			name = SaltMiniProjectUITests;
			productName = SaltMiniProjectUITests;
			productReference = AECABC35293E56AB007BD650 /* SaltMiniProjectUITests.xctest */;
			productType = "com.apple.product-type.bundle.ui-testing";
		};
/* End PBXNativeTarget section */

/* Begin PBXProject section */
		AECABC0D293E56A9007BD650 /* Project object */ = {
			isa = PBXProject;
			attributes = {
				BuildIndependentTargetsInParallel = 1;
				LastSwiftUpdateCheck = 1410;
				LastUpgradeCheck = 1410;
				TargetAttributes = {
					AECABC14293E56A9007BD650 = {
						CreatedOnToolsVersion = 14.1;
					};
					AECABC2A293E56AA007BD650 = {
						CreatedOnToolsVersion = 14.1;
						TestTargetID = AECABC14293E56A9007BD650;
					};
					AECABC34293E56AB007BD650 = {
						CreatedOnToolsVersion = 14.1;
						TestTargetID = AECABC14293E56A9007BD650;
					};
				};
			};
			buildConfigurationList = AECABC10293E56A9007BD650 /* Build configuration list for PBXProject "SaltMiniProject" */;
			compatibilityVersion = "Xcode 14.0";
			developmentRegion = en;
			hasScannedForEncodings = 0;
			knownRegions = (
				en,
				Base,
			);
			mainGroup = AECABC0C293E56A9007BD650;
			productRefGroup = AECABC16293E56A9007BD650 /* Products */;
			projectDirPath = "";
			projectRoot = "";
			targets = (
				AECABC14293E56A9007BD650 /* SaltMiniProject */,
				AECABC2A293E56AA007BD650 /* SaltMiniProjectTests */,
				AECABC34293E56AB007BD650 /* SaltMiniProjectUITests */,
			);
		};
/* End PBXProject section */

/* Begin PBXResourcesBuildPhase section */
		AECABC13293E56A9007BD650 /* Resources */ = {
			isa = PBXResourcesBuildPhase;
			buildActionMask = 2147483647;
			files = (
				AECABC25293E56AA007BD650 /* LaunchScreen.storyboard in Resources */,
				AECABC22293E56AA007BD650 /* Assets.xcassets in Resources */,
				AECABC20293E56A9007BD650 /* Main.storyboard in Resources */,
			);
			runOnlyForDeploymentPostprocessing = 0;
		};
		AECABC29293E56AA007BD650 /* Resources */ = {
			isa = PBXResourcesBuildPhase;
			buildActionMask = 2147483647;
			files = (
			);
			runOnlyForDeploymentPostprocessing = 0;
		};
		AECABC33293E56AB007BD650 /* Resources */ = {
			isa = PBXResourcesBuildPhase;
			buildActionMask = 2147483647;
			files = (
			);
			runOnlyForDeploymentPostprocessing = 0;
		};
/* End PBXResourcesBuildPhase section */

/* Begin PBXSourcesBuildPhase section */
		AECABC11293E56A9007BD650 /* Sources */ = {
			isa = PBXSourcesBuildPhase;
			buildActionMask = 2147483647;
			files = (
				AECABC1D293E56A9007BD650 /* ViewController.swift in Sources */,
				AECABC19293E56A9007BD650 /* AppDelegate.swift in Sources */,
				AECABC1B293E56A9007BD650 /* SceneDelegate.swift in Sources */,
			);
			runOnlyForDeploymentPostprocessing = 0;
		};
		AECABC27293E56AA007BD650 /* Sources */ = {
			isa = PBXSourcesBuildPhase;
			buildActionMask = 2147483647;
			files = (
				AECABC30293E56AB007BD650 /* SaltMiniProjectTests.swift in Sources */,
			);
			runOnlyForDeploymentPostprocessing = 0;
		};
		AECABC31293E56AB007BD650 /* Sources */ = {
			isa = PBXSourcesBuildPhase;
			buildActionMask = 2147483647;
			files = (
				AECABC3A293E56AB007BD650 /* SaltMiniProjectUITests.swift in Sources */,
				AECABC3C293E56AB007BD650 /* SaltMiniProjectUITestsLaunchTests.swift in Sources */,
			);
			runOnlyForDeploymentPostprocessing = 0;
		};
/* End PBXSourcesBuildPhase section */

/* Begin PBXTargetDependency section */
		AECABC2D293E56AA007BD650 /* PBXTargetDependency */ = {
			isa = PBXTargetDependency;
			target = AECABC14293E56A9007BD650 /* SaltMiniProject */;
			targetProxy = AECABC2C293E56AA007BD650 /* PBXContainerItemProxy */;
		};
		AECABC37293E56AB007BD650 /* PBXTargetDependency */ = {
			isa = PBXTargetDependency;
			target = AECABC14293E56A9007BD650 /* SaltMiniProject */;
			targetProxy = AECABC36293E56AB007BD650 /* PBXContainerItemProxy */;
		};
/* End PBXTargetDependency section */

/* Begin PBXVariantGroup section */
		AECABC1E293E56A9007BD650 /* Main.storyboard */ = {
			isa = PBXVariantGroup;
			children = (
				AECABC1F293E56A9007BD650 /* Base */,
			);
			name = Main.storyboard;
			sourceTree = "<group>";
		};
		AECABC23293E56AA007BD650 /* LaunchScreen.storyboard */ = {
			isa = PBXVariantGroup;
			children = (
				AECABC24293E56AA007BD650 /* Base */,
			);
			name = LaunchScreen.storyboard;
			sourceTree = "<group>";
		};
/* End PBXVariantGroup section */

/* Begin XCBuildConfiguration section */
		AECABC3D293E56AB007BD650 /* Debug */ = {
			isa = XCBuildConfiguration;
			buildSettings = {
				ALWAYS_SEARCH_USER_PATHS = NO;
				CLANG_ANALYZER_NONNULL = YES;
				CLANG_ANALYZER_NUMBER_OBJECT_CONVERSION = YES_AGGRESSIVE;
				CLANG_CXX_LANGUAGE_STANDARD = "gnu++20";
				CLANG_ENABLE_MODULES = YES;
				CLANG_ENABLE_OBJC_ARC = YES;
				CLANG_ENABLE_OBJC_WEAK = YES;
				CLANG_WARN_BLOCK_CAPTURE_AUTORELEASING = YES;
				CLANG_WARN_BOOL_CONVERSION = YES;
				CLANG_WARN_COMMA = YES;
				CLANG_WARN_CONSTANT_CONVERSION = YES;
				CLANG_WARN_DEPRECATED_OBJC_IMPLEMENTATIONS = YES;
				CLANG_WARN_DIRECT_OBJC_ISA_USAGE = YES_ERROR;
				CLANG_WARN_DOCUMENTATION_COMMENTS = YES;
				CLANG_WARN_EMPTY_BODY = YES;
				CLANG_WARN_ENUM_CONVERSION = YES;
				CLANG_WARN_INFINITE_RECURSION = YES;
				CLANG_WARN_INT_CONVERSION = YES;
				CLANG_WARN_NON_LITERAL_NULL_CONVERSION = YES;
				CLANG_WARN_OBJC_IMPLICIT_RETAIN_SELF = YES;
				CLANG_WARN_OBJC_LITERAL_CONVERSION = YES;
				CLANG_WARN_OBJC_ROOT_CLASS = YES_ERROR;
				CLANG_WARN_QUOTED_INCLUDE_IN_FRAMEWORK_HEADER = YES;
				CLANG_WARN_RANGE_LOOP_ANALYSIS = YES;
				CLANG_WARN_STRICT_PROTOTYPES = YES;
				CLANG_WARN_SUSPICIOUS_MOVE = YES;
				CLANG_WARN_UNGUARDED_AVAILABILITY = YES_AGGRESSIVE;
				CLANG_WARN_UNREACHABLE_CODE = YES;
				CLANG_WARN__DUPLICATE_METHOD_MATCH = YES;
				COPY_PHASE_STRIP = NO;
				DEBUG_INFORMATION_FORMAT = dwarf;
				ENABLE_STRICT_OBJC_MSGSEND = YES;
				ENABLE_TESTABILITY = YES;
				GCC_C_LANGUAGE_STANDARD = gnu11;
				GCC_DYNAMIC_NO_PIC = NO;
				GCC_NO_COMMON_BLOCKS = YES;
				GCC_OPTIMIZATION_LEVEL = 0;
				GCC_PREPROCESSOR_DEFINITIONS = (
					"DEBUG=1",
					"$(inherited)",
				);
				GCC_WARN_64_TO_32_BIT_CONVERSION = YES;
				GCC_WARN_ABOUT_RETURN_TYPE = YES_ERROR;
				GCC_WARN_UNDECLARED_SELECTOR = YES;
				GCC_WARN_UNINITIALIZED_AUTOS = YES_AGGRESSIVE;
				GCC_WARN_UNUSED_FUNCTION = YES;
				GCC_WARN_UNUSED_VARIABLE = YES;
				IPHONEOS_DEPLOYMENT_TARGET = 16.1;
				MTL_ENABLE_DEBUG_INFO = INCLUDE_SOURCE;
				MTL_FAST_MATH = YES;
				ONLY_ACTIVE_ARCH = YES;
				SDKROOT = iphoneos;
				SWIFT_ACTIVE_COMPILATION_CONDITIONS = DEBUG;
				SWIFT_OPTIMIZATION_LEVEL = "-Onone";
			};
			name = Debug;
		};
		AECABC3E293E56AB007BD650 /* Release */ = {
			isa = XCBuildConfiguration;
			buildSettings = {
				ALWAYS_SEARCH_USER_PATHS = NO;
				CLANG_ANALYZER_NONNULL = YES;
				CLANG_ANALYZER_NUMBER_OBJECT_CONVERSION = YES_AGGRESSIVE;
				CLANG_CXX_LANGUAGE_STANDARD = "gnu++20";
				CLANG_ENABLE_MODULES = YES;
				CLANG_ENABLE_OBJC_ARC = YES;
				CLANG_ENABLE_OBJC_WEAK = YES;
				CLANG_WARN_BLOCK_CAPTURE_AUTORELEASING = YES;
				CLANG_WARN_BOOL_CONVERSION = YES;
				CLANG_WARN_COMMA = YES;
				CLANG_WARN_CONSTANT_CONVERSION = YES;
				CLANG_WARN_DEPRECATED_OBJC_IMPLEMENTATIONS = YES;
				CLANG_WARN_DIRECT_OBJC_ISA_USAGE = YES_ERROR;
				CLANG_WARN_DOCUMENTATION_COMMENTS = YES;
				CLANG_WARN_EMPTY_BODY = YES;
				CLANG_WARN_ENUM_CONVERSION = YES;
				CLANG_WARN_INFINITE_RECURSION = YES;
				CLANG_WARN_INT_CONVERSION = YES;
				CLANG_WARN_NON_LITERAL_NULL_CONVERSION = YES;
				CLANG_WARN_OBJC_IMPLICIT_RETAIN_SELF = YES;
				CLANG_WARN_OBJC_LITERAL_CONVERSION = YES;
				CLANG_WARN_OBJC_ROOT_CLASS = YES_ERROR;
				CLANG_WARN_QUOTED_INCLUDE_IN_FRAMEWORK_HEADER = YES;
				CLANG_WARN_RANGE_LOOP_ANALYSIS = YES;
				CLANG_WARN_STRICT_PROTOTYPES = YES;
				CLANG_WARN_SUSPICIOUS_MOVE = YES;
				CLANG_WARN_UNGUARDED_AVAILABILITY = YES_AGGRESSIVE;
				CLANG_WARN_UNREACHABLE_CODE = YES;
				CLANG_WARN__DUPLICATE_METHOD_MATCH = YES;
				COPY_PHASE_STRIP = NO;
				DEBUG_INFORMATION_FORMAT = "dwarf-with-dsym";
				ENABLE_NS_ASSERTIONS = NO;
				ENABLE_STRICT_OBJC_MSGSEND = YES;
				GCC_C_LANGUAGE_STANDARD = gnu11;
				GCC_NO_COMMON_BLOCKS = YES;
				GCC_WARN_64_TO_32_BIT_CONVERSION = YES;
				GCC_WARN_ABOUT_RETURN_TYPE = YES_ERROR;
				GCC_WARN_UNDECLARED_SELECTOR = YES;
				GCC_WARN_UNINITIALIZED_AUTOS = YES_AGGRESSIVE;
				GCC_WARN_UNUSED_FUNCTION = YES;
				GCC_WARN_UNUSED_VARIABLE = YES;
				IPHONEOS_DEPLOYMENT_TARGET = 16.1;
				MTL_ENABLE_DEBUG_INFO = NO;
				MTL_FAST_MATH = YES;
				SDKROOT = iphoneos;
				SWIFT_COMPILATION_MODE = wholemodule;
				SWIFT_OPTIMIZATION_LEVEL = "-O";
				VALIDATE_PRODUCT = YES;
			};
			name = Release;
		};
		AECABC40293E56AB007BD650 /* Debug */ = {
			isa = XCBuildConfiguration;
			buildSettings = {
				ASSETCATALOG_COMPILER_APPICON_NAME = AppIcon;
				ASSETCATALOG_COMPILER_GLOBAL_ACCENT_COLOR_NAME = AccentColor;
				CODE_SIGN_STYLE = Automatic;
				CURRENT_PROJECT_VERSION = 1;
				GENERATE_INFOPLIST_FILE = YES;
				INFOPLIST_FILE = SaltMiniProject/Info.plist;
				INFOPLIST_KEY_UIApplicationSupportsIndirectInputEvents = YES;
				INFOPLIST_KEY_UILaunchStoryboardName = LaunchScreen;
				INFOPLIST_KEY_UIMainStoryboardFile = Main;
				INFOPLIST_KEY_UISupportedInterfaceOrientations_iPad = "UIInterfaceOrientationPortrait UIInterfaceOrientationPortraitUpsideDown UIInterfaceOrientationLandscapeLeft UIInterfaceOrientationLandscapeRight";
				INFOPLIST_KEY_UISupportedInterfaceOrientations_iPhone = "UIInterfaceOrientationPortrait UIInterfaceOrientationLandscapeLeft UIInterfaceOrientationLandscapeRight";
				LD_RUNPATH_SEARCH_PATHS = (
					"$(inherited)",
					"@executable_path/Frameworks",
				);
				MARKETING_VERSION = 1.0;
				PRODUCT_BUNDLE_IDENTIFIER = com.martin.SaltMiniProject;
				PRODUCT_NAME = "$(TARGET_NAME)";
				SWIFT_EMIT_LOC_STRINGS = YES;
				SWIFT_VERSION = 5.0;
				TARGETED_DEVICE_FAMILY = "1,2";
			};
			name = Debug;
		};
		AECABC41293E56AB007BD650 /* Release */ = {
			isa = XCBuildConfiguration;
			buildSettings = {
				ASSETCATALOG_COMPILER_APPICON_NAME = AppIcon;
				ASSETCATALOG_COMPILER_GLOBAL_ACCENT_COLOR_NAME = AccentColor;
				CODE_SIGN_STYLE = Automatic;
				CURRENT_PROJECT_VERSION = 1;
				GENERATE_INFOPLIST_FILE = YES;
				INFOPLIST_FILE = SaltMiniProject/Info.plist;
				INFOPLIST_KEY_UIApplicationSupportsIndirectInputEvents = YES;
				INFOPLIST_KEY_UILaunchStoryboardName = LaunchScreen;
				INFOPLIST_KEY_UIMainStoryboardFile = Main;
				INFOPLIST_KEY_UISupportedInterfaceOrientations_iPad = "UIInterfaceOrientationPortrait UIInterfaceOrientationPortraitUpsideDown UIInterfaceOrientationLandscapeLeft UIInterfaceOrientationLandscapeRight";
				INFOPLIST_KEY_UISupportedInterfaceOrientations_iPhone = "UIInterfaceOrientationPortrait UIInterfaceOrientationLandscapeLeft UIInterfaceOrientationLandscapeRight";
				LD_RUNPATH_SEARCH_PATHS = (
					"$(inherited)",
					"@executable_path/Frameworks",
				);
				MARKETING_VERSION = 1.0;
				PRODUCT_BUNDLE_IDENTIFIER = com.martin.SaltMiniProject;
				PRODUCT_NAME = "$(TARGET_NAME)";
				SWIFT_EMIT_LOC_STRINGS = YES;
				SWIFT_VERSION = 5.0;
				TARGETED_DEVICE_FAMILY = "1,2";
			};
			name = Release;
		};
		AECABC43293E56AB007BD650 /* Debug */ = {
			isa = XCBuildConfiguration;
			buildSettings = {
				ALWAYS_EMBED_SWIFT_STANDARD_LIBRARIES = YES;
				BUNDLE_LOADER = "$(TEST_HOST)";
				CODE_SIGN_STYLE = Automatic;
				CURRENT_PROJECT_VERSION = 1;
				GENERATE_INFOPLIST_FILE = YES;
				IPHONEOS_DEPLOYMENT_TARGET = 16.1;
				MARKETING_VERSION = 1.0;
				PRODUCT_BUNDLE_IDENTIFIER = com.martin.SaltMiniProjectTests;
				PRODUCT_NAME = "$(TARGET_NAME)";
				SWIFT_EMIT_LOC_STRINGS = NO;
				SWIFT_VERSION = 5.0;
				TARGETED_DEVICE_FAMILY = "1,2";
				TEST_HOST = "$(BUILT_PRODUCTS_DIR)/SaltMiniProject.app/$(BUNDLE_EXECUTABLE_FOLDER_PATH)/SaltMiniProject";
			};
			name = Debug;
		};
		AECABC44293E56AB007BD650 /* Release */ = {
			isa = XCBuildConfiguration;
			buildSettings = {
				ALWAYS_EMBED_SWIFT_STANDARD_LIBRARIES = YES;
				BUNDLE_LOADER = "$(TEST_HOST)";
				CODE_SIGN_STYLE = Automatic;
				CURRENT_PROJECT_VERSION = 1;
				GENERATE_INFOPLIST_FILE = YES;
				IPHONEOS_DEPLOYMENT_TARGET = 16.1;
				MARKETING_VERSION = 1.0;
				PRODUCT_BUNDLE_IDENTIFIER = com.martin.SaltMiniProjectTests;
				PRODUCT_NAME = "$(TARGET_NAME)";
				SWIFT_EMIT_LOC_STRINGS = NO;
				SWIFT_VERSION = 5.0;
				TARGETED_DEVICE_FAMILY = "1,2";
				TEST_HOST = "$(BUILT_PRODUCTS_DIR)/SaltMiniProject.app/$(BUNDLE_EXECUTABLE_FOLDER_PATH)/SaltMiniProject";
			};
			name = Release;
		};
		AECABC46293E56AB007BD650 /* Debug */ = {
			isa = XCBuildConfiguration;
			buildSettings = {
				ALWAYS_EMBED_SWIFT_STANDARD_LIBRARIES = YES;
				CODE_SIGN_STYLE = Automatic;
				CURRENT_PROJECT_VERSION = 1;
				GENERATE_INFOPLIST_FILE = YES;
				MARKETING_VERSION = 1.0;
				PRODUCT_BUNDLE_IDENTIFIER = com.martin.SaltMiniProjectUITests;
				PRODUCT_NAME = "$(TARGET_NAME)";
				SWIFT_EMIT_LOC_STRINGS = NO;
				SWIFT_VERSION = 5.0;
				TARGETED_DEVICE_FAMILY = "1,2";
				TEST_TARGET_NAME = SaltMiniProject;
			};
			name = Debug;
		};
		AECABC47293E56AB007BD650 /* Release */ = {
			isa = XCBuildConfiguration;
			buildSettings = {
				ALWAYS_EMBED_SWIFT_STANDARD_LIBRARIES = YES;
				CODE_SIGN_STYLE = Automatic;
				CURRENT_PROJECT_VERSION = 1;
				GENERATE_INFOPLIST_FILE = YES;
				MARKETING_VERSION = 1.0;
				PRODUCT_BUNDLE_IDENTIFIER = com.martin.SaltMiniProjectUITests;
				PRODUCT_NAME = "$(TARGET_NAME)";
				SWIFT_EMIT_LOC_STRINGS = NO;
				SWIFT_VERSION = 5.0;
				TARGETED_DEVICE_FAMILY = "1,2";
				TEST_TARGET_NAME = SaltMiniProject;
			};
			name = Release;
		};
/* End XCBuildConfiguration section */

/* Begin XCConfigurationList section */
		AECABC10293E56A9007BD650 /* Build configuration list for PBXProject "SaltMiniProject" */ = {
			isa = XCConfigurationList;
			buildConfigurations = (
				AECABC3D293E56AB007BD650 /* Debug */,
				AECABC3E293E56AB007BD650 /* Release */,
			);
			defaultConfigurationIsVisible = 0;
			defaultConfigurationName = Release;
		};
		AECABC3F293E56AB007BD650 /* Build configuration list for PBXNativeTarget "SaltMiniProject" */ = {
			isa = XCConfigurationList;
			buildConfigurations = (
				AECABC40293E56AB007BD650 /* Debug */,
				AECABC41293E56AB007BD650 /* Release */,
			);
			defaultConfigurationIsVisible = 0;
			defaultConfigurationName = Release;
		};
		AECABC42293E56AB007BD650 /* Build configuration list for PBXNativeTarget "SaltMiniProjectTests" */ = {
			isa = XCConfigurationList;
			buildConfigurations = (
				AECABC43293E56AB007BD650 /* Debug */,
				AECABC44293E56AB007BD650 /* Release */,
			);
			defaultConfigurationIsVisible = 0;
			defaultConfigurationName = Release;
		};
		AECABC45293E56AB007BD650 /* Build configuration list for PBXNativeTarget "SaltMiniProjectUITests" */ = {
			isa = XCConfigurationList;
			buildConfigurations = (
				AECABC46293E56AB007BD650 /* Debug */,
				AECABC47293E56AB007BD650 /* Release */,
			);
			defaultConfigurationIsVisible = 0;
			defaultConfigurationName = Release;
		};
/* End XCConfigurationList section */
	};
	rootObject = AECABC0D293E56A9007BD650 /* Project object */;
}
