// !$*UTF8*$!
{
	archiveVersion = 1;
	classes = {
	};
	objectVersion = 56;
	objects = {

/* Begin PBXBuildFile section */
		AE9AFDAA293F3C46005239F3 /* LoginTests.swift in Sources */ = {isa = PBXBuildFile; fileRef = AE9AFDA9293F3C46005239F3 /* LoginTests.swift */; };
		AECABC19293E56A9007BD650 /* AppDelegate.swift in Sources */ = {isa = PBXBuildFile; fileRef = AECABC18293E56A9007BD650 /* AppDelegate.swift */; };
		AECABC1B293E56A9007BD650 /* SceneDelegate.swift in Sources */ = {isa = PBXBuildFile; fileRef = AECABC1A293E56A9007BD650 /* SceneDelegate.swift */; };
		AECABC22293E56AA007BD650 /* Assets.xcassets in Resources */ = {isa = PBXBuildFile; fileRef = AECABC21293E56AA007BD650 /* Assets.xcassets */; };
		AECABC25293E56AA007BD650 /* LaunchScreen.storyboard in Resources */ = {isa = PBXBuildFile; fileRef = AECABC23293E56AA007BD650 /* LaunchScreen.storyboard */; };
		AECABC30293E56AB007BD650 /* SaltMiniProjectTests.swift in Sources */ = {isa = PBXBuildFile; fileRef = AECABC2F293E56AB007BD650 /* SaltMiniProjectTests.swift */; };
		AECABC3A293E56AB007BD650 /* SaltMiniProjectUITests.swift in Sources */ = {isa = PBXBuildFile; fileRef = AECABC39293E56AB007BD650 /* SaltMiniProjectUITests.swift */; };
		AECABC3C293E56AB007BD650 /* SaltMiniProjectUITestsLaunchTests.swift in Sources */ = {isa = PBXBuildFile; fileRef = AECABC3B293E56AB007BD650 /* SaltMiniProjectUITestsLaunchTests.swift */; };
		AECABC4F293E700E007BD650 /* Alamofire in Frameworks */ = {isa = PBXBuildFile; productRef = AECABC4E293E700E007BD650 /* Alamofire */; };
		AECABC57293E708E007BD650 /* NetworkManager.swift in Sources */ = {isa = PBXBuildFile; fileRef = AECABC56293E708E007BD650 /* NetworkManager.swift */; };
		AECABC59293E718B007BD650 /* DataModel.swift in Sources */ = {isa = PBXBuildFile; fileRef = AECABC58293E718B007BD650 /* DataModel.swift */; };
		AECABC5C293E7819007BD650 /* Constant.swift in Sources */ = {isa = PBXBuildFile; fileRef = AECABC5B293E7819007BD650 /* Constant.swift */; };
		AECABC62293E7B9D007BD650 /* LoginViewController.swift in Sources */ = {isa = PBXBuildFile; fileRef = AECABC60293E7B9D007BD650 /* LoginViewController.swift */; };
		AECABC63293E7B9D007BD650 /* LoginViewController.xib in Resources */ = {isa = PBXBuildFile; fileRef = AECABC61293E7B9D007BD650 /* LoginViewController.xib */; };
		AECABC66293E7BA9007BD650 /* HomeViewController.swift in Sources */ = {isa = PBXBuildFile; fileRef = AECABC64293E7BA9007BD650 /* HomeViewController.swift */; };
		AECABC67293E7BA9007BD650 /* HomeViewController.xib in Resources */ = {isa = PBXBuildFile; fileRef = AECABC65293E7BA9007BD650 /* HomeViewController.xib */; };
		AECABC6A293E7D0E007BD650 /* Colors.xcassets in Resources */ = {isa = PBXBuildFile; fileRef = AECABC69293E7D0E007BD650 /* Colors.xcassets */; };
		AECABC6D293EEB29007BD650 /* TextFieldView.xib in Resources */ = {isa = PBXBuildFile; fileRef = AECABC6C293EEB29007BD650 /* TextFieldView.xib */; };
		AECABC6F293EEB30007BD650 /* TextFieldView.swift in Sources */ = {isa = PBXBuildFile; fileRef = AECABC6E293EEB30007BD650 /* TextFieldView.swift */; };
		AECABC71293EF93E007BD650 /* LoginViewModel.swift in Sources */ = {isa = PBXBuildFile; fileRef = AECABC70293EF93E007BD650 /* LoginViewModel.swift */; };
		AECABC74293EFAFA007BD650 /* IQKeyboardManagerSwift in Frameworks */ = {isa = PBXBuildFile; productRef = AECABC73293EFAFA007BD650 /* IQKeyboardManagerSwift */; };
		AECABC76293F2154007BD650 /* HomeViewModel.swift in Sources */ = {isa = PBXBuildFile; fileRef = AECABC75293F2154007BD650 /* HomeViewModel.swift */; };
/* End PBXBuildFile section */

/* Begin PBXContainerItemProxy section */
		AECABC2C293E56AA007BD650 /* PBXContainerItemProxy */ = {
			isa = PBXContainerItemProxy;
			containerPortal = AECABC0D293E56A9007BD650 /* Project object */;
			proxyType = 1;
			remoteGlobalIDString = AECABC14293E56A9007BD650;
			remoteInfo = SaltMiniProject;
		};
		AECABC36293E56AB007BD650 /* PBXContainerItemProxy */ = {
			isa = PBXContainerItemProxy;
			containerPortal = AECABC0D293E56A9007BD650 /* Project object */;
			proxyType = 1;
			remoteGlobalIDString = AECABC14293E56A9007BD650;
			remoteInfo = SaltMiniProject;
		};
/* End PBXContainerItemProxy section */

/* Begin PBXFileReference section */
		AE9AFDA9293F3C46005239F3 /* LoginTests.swift */ = {isa = PBXFileReference; lastKnownFileType = sourcecode.swift; path = LoginTests.swift; sourceTree = "<group>"; };
		AECABC15293E56A9007BD650 /* SaltMiniProject.app */ = {isa = PBXFileReference; explicitFileType = wrapper.application; includeInIndex = 0; path = SaltMiniProject.app; sourceTree = BUILT_PRODUCTS_DIR; };
		AECABC18293E56A9007BD650 /* AppDelegate.swift */ = {isa = PBXFileReference; lastKnownFileType = sourcecode.swift; path = AppDelegate.swift; sourceTree = "<group>"; };
		AECABC1A293E56A9007BD650 /* SceneDelegate.swift */ = {isa = PBXFileReference; lastKnownFileType = sourcecode.swift; path = SceneDelegate.swift; sourceTree = "<group>"; };
		AECABC21293E56AA007BD650 /* Assets.xcassets */ = {isa = PBXFileReference; lastKnownFileType = folder.assetcatalog; path = Assets.xcassets; sourceTree = "<group>"; };
		AECABC24293E56AA007BD650 /* Base */ = {isa = PBXFileReference; lastKnownFileType = file.storyboard; name = Base; path = Base.lproj/LaunchScreen.storyboard; sourceTree = "<group>"; };
		AECABC26293E56AA007BD650 /* Info.plist */ = {isa = PBXFileReference; lastKnownFileType = text.plist.xml; path = Info.plist; sourceTree = "<group>"; };
		AECABC2B293E56AA007BD650 /* SaltMiniProjectTests.xctest */ = {isa = PBXFileReference; explicitFileType = wrapper.cfbundle; includeInIndex = 0; path = SaltMiniProjectTests.xctest; sourceTree = BUILT_PRODUCTS_DIR; };
		AECABC2F293E56AB007BD650 /* SaltMiniProjectTests.swift */ = {isa = PBXFileReference; lastKnownFileType = sourcecode.swift; path = SaltMiniProjectTests.swift; sourceTree = "<group>"; };
		AECABC35293E56AB007BD650 /* SaltMiniProjectUITests.xctest */ = {isa = PBXFileReference; explicitFileType = wrapper.cfbundle; includeInIndex = 0; path = SaltMiniProjectUITests.xctest; sourceTree = BUILT_PRODUCTS_DIR; };
		AECABC39293E56AB007BD650 /* SaltMiniProjectUITests.swift */ = {isa = PBXFileReference; lastKnownFileType = sourcecode.swift; path = SaltMiniProjectUITests.swift; sourceTree = "<group>"; };
		AECABC3B293E56AB007BD650 /* SaltMiniProjectUITestsLaunchTests.swift */ = {isa = PBXFileReference; lastKnownFileType = sourcecode.swift; path = SaltMiniProjectUITestsLaunchTests.swift; sourceTree = "<group>"; };
		AECABC56293E708E007BD650 /* NetworkManager.swift */ = {isa = PBXFileReference; lastKnownFileType = sourcecode.swift; path = NetworkManager.swift; sourceTree = "<group>"; };
		AECABC58293E718B007BD650 /* DataModel.swift */ = {isa = PBXFileReference; lastKnownFileType = sourcecode.swift; path = DataModel.swift; sourceTree = "<group>"; };
		AECABC5B293E7819007BD650 /* Constant.swift */ = {isa = PBXFileReference; lastKnownFileType = sourcecode.swift; path = Constant.swift; sourceTree = "<group>"; };
		AECABC60293E7B9D007BD650 /* LoginViewController.swift */ = {isa = PBXFileReference; lastKnownFileType = sourcecode.swift; path = LoginViewController.swift; sourceTree = "<group>"; };
		AECABC61293E7B9D007BD650 /* LoginViewController.xib */ = {isa = PBXFileReference; lastKnownFileType = file.xib; path = LoginViewController.xib; sourceTree = "<group>"; };
		AECABC64293E7BA9007BD650 /* HomeViewController.swift */ = {isa = PBXFileReference; lastKnownFileType = sourcecode.swift; path = HomeViewController.swift; sourceTree = "<group>"; };
		AECABC65293E7BA9007BD650 /* HomeViewController.xib */ = {isa = PBXFileReference; lastKnownFileType = file.xib; path = HomeViewController.xib; sourceTree = "<group>"; };
		AECABC69293E7D0E007BD650 /* Colors.xcassets */ = {isa = PBXFileReference; lastKnownFileType = folder.assetcatalog; path = Colors.xcassets; sourceTree = "<group>"; };
		AECABC6C293EEB29007BD650 /* TextFieldView.xib */ = {isa = PBXFileReference; fileEncoding = 4; lastKnownFileType = file.xib; path = TextFieldView.xib; sourceTree = "<group>"; };
		AECABC6E293EEB30007BD650 /* TextFieldView.swift */ = {isa = PBXFileReference; fileEncoding = 4; lastKnownFileType = sourcecode.swift; path = TextFieldView.swift; sourceTree = "<group>"; };
		AECABC70293EF93E007BD650 /* LoginViewModel.swift */ = {isa = PBXFileReference; lastKnownFileType = sourcecode.swift; path = LoginViewModel.swift; sourceTree = "<group>"; };
		AECABC75293F2154007BD650 /* HomeViewModel.swift */ = {isa = PBXFileReference; lastKnownFileType = sourcecode.swift; path = HomeViewModel.swift; sourceTree = "<group>"; };
/* End PBXFileReference section */

/* Begin PBXFrameworksBuildPhase section */
		AECABC12293E56A9007BD650 /* Frameworks */ = {
			isa = PBXFrameworksBuildPhase;
			buildActionMask = 2147483647;
			files = (
				AECABC74293EFAFA007BD650 /* IQKeyboardManagerSwift in Frameworks */,
				AECABC4F293E700E007BD650 /* Alamofire in Frameworks */,
			);
			runOnlyForDeploymentPostprocessing = 0;
		};
		AECABC28293E56AA007BD650 /* Frameworks */ = {
			isa = PBXFrameworksBuildPhase;
			buildActionMask = 2147483647;
			files = (
			);
			runOnlyForDeploymentPostprocessing = 0;
		};
		AECABC32293E56AB007BD650 /* Frameworks */ = {
			isa = PBXFrameworksBuildPhase;
			buildActionMask = 2147483647;
			files = (
			);
			runOnlyForDeploymentPostprocessing = 0;
		};
/* End PBXFrameworksBuildPhase section */

/* Begin PBXGroup section */
		AECABC0C293E56A9007BD650 = {
			isa = PBXGroup;
			children = (
				AECABC17293E56A9007BD650 /* SaltMiniProject */,
				AECABC2E293E56AB007BD650 /* SaltMiniProjectTests */,
				AECABC38293E56AB007BD650 /* SaltMiniProjectUITests */,
				AECABC16293E56A9007BD650 /* Products */,
			);
			sourceTree = "<group>";
		};
		AECABC16293E56A9007BD650 /* Products */ = {
			isa = PBXGroup;
			children = (
				AECABC15293E56A9007BD650 /* SaltMiniProject.app */,
				AECABC2B293E56AA007BD650 /* SaltMiniProjectTests.xctest */,
				AECABC35293E56AB007BD650 /* SaltMiniProjectUITests.xctest */,
			);
			name = Products;
			sourceTree = "<group>";
		};
		AECABC17293E56A9007BD650 /* SaltMiniProject */ = {
			isa = PBXGroup;
			children = (
				AECABC4A293E6FB3007BD650 /* Module */,
				AECABC49293E6FAC007BD650 /* Model */,
				AECABC48293E6FA2007BD650 /* Vendor */,
				AECABC26293E56AA007BD650 /* Info.plist */,
			);
			path = SaltMiniProject;
			sourceTree = "<group>";
		};
		AECABC2E293E56AB007BD650 /* SaltMiniProjectTests */ = {
			isa = PBXGroup;
			children = (
				AECABC2F293E56AB007BD650 /* SaltMiniProjectTests.swift */,
				AE9AFDA9293F3C46005239F3 /* LoginTests.swift */,
			);
			path = SaltMiniProjectTests;
			sourceTree = "<group>";
		};
		AECABC38293E56AB007BD650 /* SaltMiniProjectUITests */ = {
			isa = PBXGroup;
			children = (
				AECABC39293E56AB007BD650 /* SaltMiniProjectUITests.swift */,
				AECABC3B293E56AB007BD650 /* SaltMiniProjectUITestsLaunchTests.swift */,
			);
			path = SaltMiniProjectUITests;
			sourceTree = "<group>";
		};
		AECABC48293E6FA2007BD650 /* Vendor */ = {
			isa = PBXGroup;
			children = (
				AECABC68293E7CA2007BD650 /* Reusable View */,
				AECABC5E293E7B6E007BD650 /* App */,
				AECABC5D293E7B5F007BD650 /* Resources */,
				AECABC5A293E7809007BD650 /* Constant */,
				AECABC55293E7081007BD650 /* Manager */,
			);
			path = Vendor;
			sourceTree = "<group>";
		};
		AECABC49293E6FAC007BD650 /* Model */ = {
			isa = PBXGroup;
			children = (
				AECABC58293E718B007BD650 /* DataModel.swift */,
			);
			path = Model;
			sourceTree = "<group>";
		};
		AECABC4A293E6FB3007BD650 /* Module */ = {
			isa = PBXGroup;
			children = (
				AECABC5F293E7B7A007BD650 /* LaunchScreen */,
				AECABC4C293E6FD8007BD650 /* Home */,
				AECABC4B293E6FB7007BD650 /* Login */,
			);
			path = Module;
			sourceTree = "<group>";
		};
		AECABC4B293E6FB7007BD650 /* Login */ = {
			isa = PBXGroup;
			children = (
				AECABC60293E7B9D007BD650 /* LoginViewController.swift */,
				AECABC61293E7B9D007BD650 /* LoginViewController.xib */,
				AECABC70293EF93E007BD650 /* LoginViewModel.swift */,
			);
			path = Login;
			sourceTree = "<group>";
		};
		AECABC4C293E6FD8007BD650 /* Home */ = {
			isa = PBXGroup;
			children = (
				AECABC64293E7BA9007BD650 /* HomeViewController.swift */,
				AECABC65293E7BA9007BD650 /* HomeViewController.xib */,
				AECABC75293F2154007BD650 /* HomeViewModel.swift */,
			);
			path = Home;
			sourceTree = "<group>";
		};
		AECABC55293E7081007BD650 /* Manager */ = {
			isa = PBXGroup;
			children = (
				AECABC56293E708E007BD650 /* NetworkManager.swift */,
			);
			path = Manager;
			sourceTree = "<group>";
		};
		AECABC5A293E7809007BD650 /* Constant */ = {
			isa = PBXGroup;
			children = (
				AECABC5B293E7819007BD650 /* Constant.swift */,
			);
			path = Constant;
			sourceTree = "<group>";
		};
		AECABC5D293E7B5F007BD650 /* Resources */ = {
			isa = PBXGroup;
			children = (
				AECABC21293E56AA007BD650 /* Assets.xcassets */,
				AECABC69293E7D0E007BD650 /* Colors.xcassets */,
			);
			path = Resources;
			sourceTree = "<group>";
		};
		AECABC5E293E7B6E007BD650 /* App */ = {
			isa = PBXGroup;
			children = (
				AECABC1A293E56A9007BD650 /* SceneDelegate.swift */,
				AECABC18293E56A9007BD650 /* AppDelegate.swift */,
			);
			path = App;
			sourceTree = "<group>";
		};
		AECABC5F293E7B7A007BD650 /* LaunchScreen */ = {
			isa = PBXGroup;
			children = (
				AECABC23293E56AA007BD650 /* LaunchScreen.storyboard */,
			);
			path = LaunchScreen;
			sourceTree = "<group>";
		};
		AECABC68293E7CA2007BD650 /* Reusable View */ = {
			isa = PBXGroup;
			children = (
				AECABC6B293EE9E1007BD650 /* TextField */,
			);
			path = "Reusable View";
			sourceTree = "<group>";
		};
		AECABC6B293EE9E1007BD650 /* TextField */ = {
			isa = PBXGroup;
			children = (
				AECABC6C293EEB29007BD650 /* TextFieldView.xib */,
				AECABC6E293EEB30007BD650 /* TextFieldView.swift */,
			);
			path = TextField;
			sourceTree = "<group>";
		};
/* End PBXGroup section */

/* Begin PBXNativeTarget section */
		AECABC14293E56A9007BD650 /* SaltMiniProject */ = {
			isa = PBXNativeTarget;
			buildConfigurationList = AECABC3F293E56AB007BD650 /* Build configuration list for PBXNativeTarget "SaltMiniProject" */;
			buildPhases = (
				AECABC11293E56A9007BD650 /* Sources */,
				AECABC12293E56A9007BD650 /* Frameworks */,
				AECABC13293E56A9007BD650 /* Resources */,
			);
			buildRules = (
			);
			dependencies = (
			);
			name = SaltMiniProject;
			packageProductDependencies = (
				AECABC4E293E700E007BD650 /* Alamofire */,
				AECABC73293EFAFA007BD650 /* IQKeyboardManagerSwift */,
			);
			productName = SaltMiniProject;
			productReference = AECABC15293E56A9007BD650 /* SaltMiniProject.app */;
			productType = "com.apple.product-type.application";
		};
		AECABC2A293E56AA007BD650 /* SaltMiniProjectTests */ = {
			isa = PBXNativeTarget;
			buildConfigurationList = AECABC42293E56AB007BD650 /* Build configuration list for PBXNativeTarget "SaltMiniProjectTests" */;
			buildPhases = (
				AECABC27293E56AA007BD650 /* Sources */,
				AECABC28293E56AA007BD650 /* Frameworks */,
				AECABC29293E56AA007BD650 /* Resources */,
			);
			buildRules = (
			);
			dependencies = (
				AECABC2D293E56AA007BD650 /* PBXTargetDependency */,
			);
			name = SaltMiniProjectTests;
			productName = SaltMiniProjectTests;
			productReference = AECABC2B293E56AA007BD650 /* SaltMiniProjectTests.xctest */;
			productType = "com.apple.product-type.bundle.unit-test";
		};
		AECABC34293E56AB007BD650 /* SaltMiniProjectUITests */ = {
			isa = PBXNativeTarget;
			buildConfigurationList = AECABC45293E56AB007BD650 /* Build configuration list for PBXNativeTarget "SaltMiniProjectUITests" */;
			buildPhases = (
				AECABC31293E56AB007BD650 /* Sources */,
				AECABC32293E56AB007BD650 /* Frameworks */,
				AECABC33293E56AB007BD650 /* Resources */,
			);
			buildRules = (
			);
			dependencies = (
				AECABC37293E56AB007BD650 /* PBXTargetDependency */,
			);
			name = SaltMiniProjectUITests;
			productName = SaltMiniProjectUITests;
			productReference = AECABC35293E56AB007BD650 /* SaltMiniProjectUITests.xctest */;
			productType = "com.apple.product-type.bundle.ui-testing";
		};
/* End PBXNativeTarget section */

/* Begin PBXProject section */
		AECABC0D293E56A9007BD650 /* Project object */ = {
			isa = PBXProject;
			attributes = {
				BuildIndependentTargetsInParallel = 1;
				LastSwiftUpdateCheck = 1410;
				LastUpgradeCheck = 1410;
				TargetAttributes = {
					AECABC14293E56A9007BD650 = {
						CreatedOnToolsVersion = 14.1;
					};
					AECABC2A293E56AA007BD650 = {
						CreatedOnToolsVersion = 14.1;
						TestTargetID = AECABC14293E56A9007BD650;
					};
					AECABC34293E56AB007BD650 = {
						CreatedOnToolsVersion = 14.1;
						TestTargetID = AECABC14293E56A9007BD650;
					};
				};
			};
			buildConfigurationList = AECABC10293E56A9007BD650 /* Build configuration list for PBXProject "SaltMiniProject" */;
			compatibilityVersion = "Xcode 14.0";
			developmentRegion = en;
			hasScannedForEncodings = 0;
			knownRegions = (
				en,
				Base,
			);
			mainGroup = AECABC0C293E56A9007BD650;
			packageReferences = (
				AECABC4D293E700E007BD650 /* XCRemoteSwiftPackageReference "Alamofire" */,
				AECABC72293EFAFA007BD650 /* XCRemoteSwiftPackageReference "IQKeyboardManager" */,
			);
			productRefGroup = AECABC16293E56A9007BD650 /* Products */;
			projectDirPath = "";
			projectRoot = "";
			targets = (
				AECABC14293E56A9007BD650 /* SaltMiniProject */,
				AECABC2A293E56AA007BD650 /* SaltMiniProjectTests */,
				AECABC34293E56AB007BD650 /* SaltMiniProjectUITests */,
			);
		};
/* End PBXProject section */

/* Begin PBXResourcesBuildPhase section */
		AECABC13293E56A9007BD650 /* Resources */ = {
			isa = PBXResourcesBuildPhase;
			buildActionMask = 2147483647;
			files = (
				AECABC63293E7B9D007BD650 /* LoginViewController.xib in Resources */,
				AECABC25293E56AA007BD650 /* LaunchScreen.storyboard in Resources */,
				AECABC67293E7BA9007BD650 /* HomeViewController.xib in Resources */,
				AECABC6A293E7D0E007BD650 /* Colors.xcassets in Resources */,
				AECABC6D293EEB29007BD650 /* TextFieldView.xib in Resources */,
				AECABC22293E56AA007BD650 /* Assets.xcassets in Resources */,
			);
			runOnlyForDeploymentPostprocessing = 0;
		};
		AECABC29293E56AA007BD650 /* Resources */ = {
			isa = PBXResourcesBuildPhase;
			buildActionMask = 2147483647;
			files = (
			);
			runOnlyForDeploymentPostprocessing = 0;
		};
		AECABC33293E56AB007BD650 /* Resources */ = {
			isa = PBXResourcesBuildPhase;
			buildActionMask = 2147483647;
			files = (
			);
			runOnlyForDeploymentPostprocessing = 0;
		};
/* End PBXResourcesBuildPhase section */

/* Begin PBXSourcesBuildPhase section */
		AECABC11293E56A9007BD650 /* Sources */ = {
			isa = PBXSourcesBuildPhase;
			buildActionMask = 2147483647;
			files = (
				AECABC62293E7B9D007BD650 /* LoginViewController.swift in Sources */,
				AECABC76293F2154007BD650 /* HomeViewModel.swift in Sources */,
				AECABC59293E718B007BD650 /* DataModel.swift in Sources */,
				AECABC57293E708E007BD650 /* NetworkManager.swift in Sources */,
				AECABC66293E7BA9007BD650 /* HomeViewController.swift in Sources */,
				AECABC19293E56A9007BD650 /* AppDelegate.swift in Sources */,
				AECABC1B293E56A9007BD650 /* SceneDelegate.swift in Sources */,
				AECABC5C293E7819007BD650 /* Constant.swift in Sources */,
				AECABC71293EF93E007BD650 /* LoginViewModel.swift in Sources */,
				AECABC6F293EEB30007BD650 /* TextFieldView.swift in Sources */,
			);
			runOnlyForDeploymentPostprocessing = 0;
		};
		AECABC27293E56AA007BD650 /* Sources */ = {
			isa = PBXSourcesBuildPhase;
			buildActionMask = 2147483647;
			files = (
				AECABC30293E56AB007BD650 /* SaltMiniProjectTests.swift in Sources */,
				AE9AFDAA293F3C46005239F3 /* LoginTests.swift in Sources */,
			);
			runOnlyForDeploymentPostprocessing = 0;
		};
		AECABC31293E56AB007BD650 /* Sources */ = {
			isa = PBXSourcesBuildPhase;
			buildActionMask = 2147483647;
			files = (
				AECABC3A293E56AB007BD650 /* SaltMiniProjectUITests.swift in Sources */,
				AECABC3C293E56AB007BD650 /* SaltMiniProjectUITestsLaunchTests.swift in Sources */,
			);
			runOnlyForDeploymentPostprocessing = 0;
		};
/* End PBXSourcesBuildPhase section */

/* Begin PBXTargetDependency section */
		AECABC2D293E56AA007BD650 /* PBXTargetDependency */ = {
			isa = PBXTargetDependency;
			target = AECABC14293E56A9007BD650 /* SaltMiniProject */;
			targetProxy = AECABC2C293E56AA007BD650 /* PBXContainerItemProxy */;
		};
		AECABC37293E56AB007BD650 /* PBXTargetDependency */ = {
			isa = PBXTargetDependency;
			target = AECABC14293E56A9007BD650 /* SaltMiniProject */;
			targetProxy = AECABC36293E56AB007BD650 /* PBXContainerItemProxy */;
		};
/* End PBXTargetDependency section */

/* Begin PBXVariantGroup section */
		AECABC23293E56AA007BD650 /* LaunchScreen.storyboard */ = {
			isa = PBXVariantGroup;
			children = (
				AECABC24293E56AA007BD650 /* Base */,
			);
			name = LaunchScreen.storyboard;
			sourceTree = "<group>";
		};
/* End PBXVariantGroup section */

/* Begin XCBuildConfiguration section */
		AECABC3D293E56AB007BD650 /* Debug */ = {
			isa = XCBuildConfiguration;
			buildSettings = {
				ALWAYS_SEARCH_USER_PATHS = NO;
				CLANG_ANALYZER_NONNULL = YES;
				CLANG_ANALYZER_NUMBER_OBJECT_CONVERSION = YES_AGGRESSIVE;
				CLANG_CXX_LANGUAGE_STANDARD = "gnu++20";
				CLANG_ENABLE_MODULES = YES;
				CLANG_ENABLE_OBJC_ARC = YES;
				CLANG_ENABLE_OBJC_WEAK = YES;
				CLANG_WARN_BLOCK_CAPTURE_AUTORELEASING = YES;
				CLANG_WARN_BOOL_CONVERSION = YES;
				CLANG_WARN_COMMA = YES;
				CLANG_WARN_CONSTANT_CONVERSION = YES;
				CLANG_WARN_DEPRECATED_OBJC_IMPLEMENTATIONS = YES;
				CLANG_WARN_DIRECT_OBJC_ISA_USAGE = YES_ERROR;
				CLANG_WARN_DOCUMENTATION_COMMENTS = YES;
				CLANG_WARN_EMPTY_BODY = YES;
				CLANG_WARN_ENUM_CONVERSION = YES;
				CLANG_WARN_INFINITE_RECURSION = YES;
				CLANG_WARN_INT_CONVERSION = YES;
				CLANG_WARN_NON_LITERAL_NULL_CONVERSION = YES;
				CLANG_WARN_OBJC_IMPLICIT_RETAIN_SELF = YES;
				CLANG_WARN_OBJC_LITERAL_CONVERSION = YES;
				CLANG_WARN_OBJC_ROOT_CLASS = YES_ERROR;
				CLANG_WARN_QUOTED_INCLUDE_IN_FRAMEWORK_HEADER = YES;
				CLANG_WARN_RANGE_LOOP_ANALYSIS = YES;
				CLANG_WARN_STRICT_PROTOTYPES = YES;
				CLANG_WARN_SUSPICIOUS_MOVE = YES;
				CLANG_WARN_UNGUARDED_AVAILABILITY = YES_AGGRESSIVE;
				CLANG_WARN_UNREACHABLE_CODE = YES;
				CLANG_WARN__DUPLICATE_METHOD_MATCH = YES;
				COPY_PHASE_STRIP = NO;
				DEBUG_INFORMATION_FORMAT = dwarf;
				ENABLE_STRICT_OBJC_MSGSEND = YES;
				ENABLE_TESTABILITY = YES;
				GCC_C_LANGUAGE_STANDARD = gnu11;
				GCC_DYNAMIC_NO_PIC = NO;
				GCC_NO_COMMON_BLOCKS = YES;
				GCC_OPTIMIZATION_LEVEL = 0;
				GCC_PREPROCESSOR_DEFINITIONS = (
					"DEBUG=1",
					"$(inherited)",
				);
				GCC_WARN_64_TO_32_BIT_CONVERSION = YES;
				GCC_WARN_ABOUT_RETURN_TYPE = YES_ERROR;
				GCC_WARN_UNDECLARED_SELECTOR = YES;
				GCC_WARN_UNINITIALIZED_AUTOS = YES_AGGRESSIVE;
				GCC_WARN_UNUSED_FUNCTION = YES;
				GCC_WARN_UNUSED_VARIABLE = YES;
				IPHONEOS_DEPLOYMENT_TARGET = 16.1;
				MTL_ENABLE_DEBUG_INFO = INCLUDE_SOURCE;
				MTL_FAST_MATH = YES;
				ONLY_ACTIVE_ARCH = YES;
				SDKROOT = iphoneos;
				SWIFT_ACTIVE_COMPILATION_CONDITIONS = DEBUG;
				SWIFT_OPTIMIZATION_LEVEL = "-Onone";
			};
			name = Debug;
		};
		AECABC3E293E56AB007BD650 /* Release */ = {
			isa = XCBuildConfiguration;
			buildSettings = {
				ALWAYS_SEARCH_USER_PATHS = NO;
				CLANG_ANALYZER_NONNULL = YES;
				CLANG_ANALYZER_NUMBER_OBJECT_CONVERSION = YES_AGGRESSIVE;
				CLANG_CXX_LANGUAGE_STANDARD = "gnu++20";
				CLANG_ENABLE_MODULES = YES;
				CLANG_ENABLE_OBJC_ARC = YES;
				CLANG_ENABLE_OBJC_WEAK = YES;
				CLANG_WARN_BLOCK_CAPTURE_AUTORELEASING = YES;
				CLANG_WARN_BOOL_CONVERSION = YES;
				CLANG_WARN_COMMA = YES;
				CLANG_WARN_CONSTANT_CONVERSION = YES;
				CLANG_WARN_DEPRECATED_OBJC_IMPLEMENTATIONS = YES;
				CLANG_WARN_DIRECT_OBJC_ISA_USAGE = YES_ERROR;
				CLANG_WARN_DOCUMENTATION_COMMENTS = YES;
				CLANG_WARN_EMPTY_BODY = YES;
				CLANG_WARN_ENUM_CONVERSION = YES;
				CLANG_WARN_INFINITE_RECURSION = YES;
				CLANG_WARN_INT_CONVERSION = YES;
				CLANG_WARN_NON_LITERAL_NULL_CONVERSION = YES;
				CLANG_WARN_OBJC_IMPLICIT_RETAIN_SELF = YES;
				CLANG_WARN_OBJC_LITERAL_CONVERSION = YES;
				CLANG_WARN_OBJC_ROOT_CLASS = YES_ERROR;
				CLANG_WARN_QUOTED_INCLUDE_IN_FRAMEWORK_HEADER = YES;
				CLANG_WARN_RANGE_LOOP_ANALYSIS = YES;
				CLANG_WARN_STRICT_PROTOTYPES = YES;
				CLANG_WARN_SUSPICIOUS_MOVE = YES;
				CLANG_WARN_UNGUARDED_AVAILABILITY = YES_AGGRESSIVE;
				CLANG_WARN_UNREACHABLE_CODE = YES;
				CLANG_WARN__DUPLICATE_METHOD_MATCH = YES;
				COPY_PHASE_STRIP = NO;
				DEBUG_INFORMATION_FORMAT = "dwarf-with-dsym";
				ENABLE_NS_ASSERTIONS = NO;
				ENABLE_STRICT_OBJC_MSGSEND = YES;
				GCC_C_LANGUAGE_STANDARD = gnu11;
				GCC_NO_COMMON_BLOCKS = YES;
				GCC_WARN_64_TO_32_BIT_CONVERSION = YES;
				GCC_WARN_ABOUT_RETURN_TYPE = YES_ERROR;
				GCC_WARN_UNDECLARED_SELECTOR = YES;
				GCC_WARN_UNINITIALIZED_AUTOS = YES_AGGRESSIVE;
				GCC_WARN_UNUSED_FUNCTION = YES;
				GCC_WARN_UNUSED_VARIABLE = YES;
				IPHONEOS_DEPLOYMENT_TARGET = 16.1;
				MTL_ENABLE_DEBUG_INFO = NO;
				MTL_FAST_MATH = YES;
				SDKROOT = iphoneos;
				SWIFT_COMPILATION_MODE = wholemodule;
				SWIFT_OPTIMIZATION_LEVEL = "-O";
				VALIDATE_PRODUCT = YES;
			};
			name = Release;
		};
		AECABC40293E56AB007BD650 /* Debug */ = {
			isa = XCBuildConfiguration;
			buildSettings = {
				ASSETCATALOG_COMPILER_APPICON_NAME = AppIcon;
				ASSETCATALOG_COMPILER_GLOBAL_ACCENT_COLOR_NAME = AccentColor;
				CODE_SIGN_STYLE = Automatic;
				CURRENT_PROJECT_VERSION = 1;
				GENERATE_INFOPLIST_FILE = YES;
				INFOPLIST_FILE = SaltMiniProject/Info.plist;
				INFOPLIST_KEY_UIApplicationSupportsIndirectInputEvents = YES;
				INFOPLIST_KEY_UILaunchStoryboardName = LaunchScreen;
				INFOPLIST_KEY_UIMainStoryboardFile = "";
				INFOPLIST_KEY_UISupportedInterfaceOrientations_iPad = "UIInterfaceOrientationPortrait UIInterfaceOrientationPortraitUpsideDown UIInterfaceOrientationLandscapeLeft UIInterfaceOrientationLandscapeRight";
				INFOPLIST_KEY_UISupportedInterfaceOrientations_iPhone = "UIInterfaceOrientationPortrait UIInterfaceOrientationLandscapeLeft UIInterfaceOrientationLandscapeRight";
				LD_RUNPATH_SEARCH_PATHS = (
					"$(inherited)",
					"@executable_path/Frameworks",
				);
				MARKETING_VERSION = 1.0;
				PRODUCT_BUNDLE_IDENTIFIER = com.martin.SaltMiniProject;
				PRODUCT_NAME = "$(TARGET_NAME)";
				SWIFT_EMIT_LOC_STRINGS = YES;
				SWIFT_VERSION = 5.0;
				TARGETED_DEVICE_FAMILY = "1,2";
			};
			name = Debug;
		};
		AECABC41293E56AB007BD650 /* Release */ = {
			isa = XCBuildConfiguration;
			buildSettings = {
				ASSETCATALOG_COMPILER_APPICON_NAME = AppIcon;
				ASSETCATALOG_COMPILER_GLOBAL_ACCENT_COLOR_NAME = AccentColor;
				CODE_SIGN_STYLE = Automatic;
				CURRENT_PROJECT_VERSION = 1;
				GENERATE_INFOPLIST_FILE = YES;
				INFOPLIST_FILE = SaltMiniProject/Info.plist;
				INFOPLIST_KEY_UIApplicationSupportsIndirectInputEvents = YES;
				INFOPLIST_KEY_UILaunchStoryboardName = LaunchScreen;
				INFOPLIST_KEY_UIMainStoryboardFile = "";
				INFOPLIST_KEY_UISupportedInterfaceOrientations_iPad = "UIInterfaceOrientationPortrait UIInterfaceOrientationPortraitUpsideDown UIInterfaceOrientationLandscapeLeft UIInterfaceOrientationLandscapeRight";
				INFOPLIST_KEY_UISupportedInterfaceOrientations_iPhone = "UIInterfaceOrientationPortrait UIInterfaceOrientationLandscapeLeft UIInterfaceOrientationLandscapeRight";
				LD_RUNPATH_SEARCH_PATHS = (
					"$(inherited)",
					"@executable_path/Frameworks",
				);
				MARKETING_VERSION = 1.0;
				PRODUCT_BUNDLE_IDENTIFIER = com.martin.SaltMiniProject;
				PRODUCT_NAME = "$(TARGET_NAME)";
				SWIFT_EMIT_LOC_STRINGS = YES;
				SWIFT_VERSION = 5.0;
				TARGETED_DEVICE_FAMILY = "1,2";
			};
			name = Release;
		};
		AECABC43293E56AB007BD650 /* Debug */ = {
			isa = XCBuildConfiguration;
			buildSettings = {
				ALWAYS_EMBED_SWIFT_STANDARD_LIBRARIES = YES;
				BUNDLE_LOADER = "$(TEST_HOST)";
				CODE_SIGN_STYLE = Automatic;
				CURRENT_PROJECT_VERSION = 1;
				GENERATE_INFOPLIST_FILE = YES;
				IPHONEOS_DEPLOYMENT_TARGET = 16.1;
				MARKETING_VERSION = 1.0;
				PRODUCT_BUNDLE_IDENTIFIER = com.martin.SaltMiniProjectTests;
				PRODUCT_NAME = "$(TARGET_NAME)";
				SWIFT_EMIT_LOC_STRINGS = NO;
				SWIFT_VERSION = 5.0;
				TARGETED_DEVICE_FAMILY = "1,2";
				TEST_HOST = "$(BUILT_PRODUCTS_DIR)/SaltMiniProject.app/$(BUNDLE_EXECUTABLE_FOLDER_PATH)/SaltMiniProject";
			};
			name = Debug;
		};
		AECABC44293E56AB007BD650 /* Release */ = {
			isa = XCBuildConfiguration;
			buildSettings = {
				ALWAYS_EMBED_SWIFT_STANDARD_LIBRARIES = YES;
				BUNDLE_LOADER = "$(TEST_HOST)";
				CODE_SIGN_STYLE = Automatic;
				CURRENT_PROJECT_VERSION = 1;
				GENERATE_INFOPLIST_FILE = YES;
				IPHONEOS_DEPLOYMENT_TARGET = 16.1;
				MARKETING_VERSION = 1.0;
				PRODUCT_BUNDLE_IDENTIFIER = com.martin.SaltMiniProjectTests;
				PRODUCT_NAME = "$(TARGET_NAME)";
				SWIFT_EMIT_LOC_STRINGS = NO;
				SWIFT_VERSION = 5.0;
				TARGETED_DEVICE_FAMILY = "1,2";
				TEST_HOST = "$(BUILT_PRODUCTS_DIR)/SaltMiniProject.app/$(BUNDLE_EXECUTABLE_FOLDER_PATH)/SaltMiniProject";
			};
			name = Release;
		};
		AECABC46293E56AB007BD650 /* Debug */ = {
			isa = XCBuildConfiguration;
			buildSettings = {
				ALWAYS_EMBED_SWIFT_STANDARD_LIBRARIES = YES;
				CODE_SIGN_STYLE = Automatic;
				CURRENT_PROJECT_VERSION = 1;
				GENERATE_INFOPLIST_FILE = YES;
				MARKETING_VERSION = 1.0;
				PRODUCT_BUNDLE_IDENTIFIER = com.martin.SaltMiniProjectUITests;
				PRODUCT_NAME = "$(TARGET_NAME)";
				SWIFT_EMIT_LOC_STRINGS = NO;
				SWIFT_VERSION = 5.0;
				TARGETED_DEVICE_FAMILY = "1,2";
				TEST_TARGET_NAME = SaltMiniProject;
			};
			name = Debug;
		};
		AECABC47293E56AB007BD650 /* Release */ = {
			isa = XCBuildConfiguration;
			buildSettings = {
				ALWAYS_EMBED_SWIFT_STANDARD_LIBRARIES = YES;
				CODE_SIGN_STYLE = Automatic;
				CURRENT_PROJECT_VERSION = 1;
				GENERATE_INFOPLIST_FILE = YES;
				MARKETING_VERSION = 1.0;
				PRODUCT_BUNDLE_IDENTIFIER = com.martin.SaltMiniProjectUITests;
				PRODUCT_NAME = "$(TARGET_NAME)";
				SWIFT_EMIT_LOC_STRINGS = NO;
				SWIFT_VERSION = 5.0;
				TARGETED_DEVICE_FAMILY = "1,2";
				TEST_TARGET_NAME = SaltMiniProject;
			};
			name = Release;
		};
/* End XCBuildConfiguration section */

/* Begin XCConfigurationList section */
		AECABC10293E56A9007BD650 /* Build configuration list for PBXProject "SaltMiniProject" */ = {
			isa = XCConfigurationList;
			buildConfigurations = (
				AECABC3D293E56AB007BD650 /* Debug */,
				AECABC3E293E56AB007BD650 /* Release */,
			);
			defaultConfigurationIsVisible = 0;
			defaultConfigurationName = Release;
		};
		AECABC3F293E56AB007BD650 /* Build configuration list for PBXNativeTarget "SaltMiniProject" */ = {
			isa = XCConfigurationList;
			buildConfigurations = (
				AECABC40293E56AB007BD650 /* Debug */,
				AECABC41293E56AB007BD650 /* Release */,
			);
			defaultConfigurationIsVisible = 0;
			defaultConfigurationName = Release;
		};
		AECABC42293E56AB007BD650 /* Build configuration list for PBXNativeTarget "SaltMiniProjectTests" */ = {
			isa = XCConfigurationList;
			buildConfigurations = (
				AECABC43293E56AB007BD650 /* Debug */,
				AECABC44293E56AB007BD650 /* Release */,
			);
			defaultConfigurationIsVisible = 0;
			defaultConfigurationName = Release;
		};
		AECABC45293E56AB007BD650 /* Build configuration list for PBXNativeTarget "SaltMiniProjectUITests" */ = {
			isa = XCConfigurationList;
			buildConfigurations = (
				AECABC46293E56AB007BD650 /* Debug */,
				AECABC47293E56AB007BD650 /* Release */,
			);
			defaultConfigurationIsVisible = 0;
			defaultConfigurationName = Release;
		};
/* End XCConfigurationList section */

/* Begin XCRemoteSwiftPackageReference section */
		AECABC4D293E700E007BD650 /* XCRemoteSwiftPackageReference "Alamofire" */ = {
			isa = XCRemoteSwiftPackageReference;
			repositoryURL = "https://github.com/Alamofire/Alamofire";
			requirement = {
				kind = upToNextMajorVersion;
				minimumVersion = 5.0.0;
			};
		};
		AECABC72293EFAFA007BD650 /* XCRemoteSwiftPackageReference "IQKeyboardManager" */ = {
			isa = XCRemoteSwiftPackageReference;
			repositoryURL = "https://github.com/hackiftekhar/IQKeyboardManager";
			requirement = {
				kind = versionRange;
				maximumVersion = 7.0.0;
				minimumVersion = 6.5.0;
			};
		};
/* End XCRemoteSwiftPackageReference section */

/* Begin XCSwiftPackageProductDependency section */
		AECABC4E293E700E007BD650 /* Alamofire */ = {
			isa = XCSwiftPackageProductDependency;
			package = AECABC4D293E700E007BD650 /* XCRemoteSwiftPackageReference "Alamofire" */;
			productName = Alamofire;
		};
		AECABC73293EFAFA007BD650 /* IQKeyboardManagerSwift */ = {
			isa = XCSwiftPackageProductDependency;
			package = AECABC72293EFAFA007BD650 /* XCRemoteSwiftPackageReference "IQKeyboardManager" */;
			productName = IQKeyboardManagerSwift;
		};
/* End XCSwiftPackageProductDependency section */
	};
	rootObject = AECABC0D293E56A9007BD650 /* Project object */;
}
